
Microsoft Visual Studio Solution File, Format Version 12.00
# Visual Studio Version 16
VisualStudioVersion = 16.0.35425.106
MinimumVisualStudioVersion = 10.0.40219.1
Project("{FAE04EC0-301F-11D3-BF4B-00C04F79EFBC}") = "msmtp_test", "msmtp_test\msmtp_test.csproj", "{7C399474-CDBF-4876-9459-98CAC9519ED5}"
EndProject
Global
	GlobalSection(SolutionConfigurationPlatforms) = preSolution
		Debug|Any CPU = Debug|Any CPU
		Release|Any CPU = Release|Any CPU
	EndGlobalSection
	GlobalSection(ProjectConfigurationPlatforms) = postSolution
		{7C399474-CDBF-4876-9459-98CAC9519ED5}.Debug|Any CPU.ActiveCfg = Debug|Any CPU
		{7C399474-CDBF-4876-9459-98CAC9519ED5}.Debug|Any CPU.Build.0 = Debug|Any CPU
		{7C399474-CDBF-4876-9459-98CAC9519ED5}.Release|Any CPU.ActiveCfg = Release|Any CPU
		{7C399474-CDBF-4876-9459-98CAC9519ED5}.Release|Any CPU.Build.0 = Release|Any CPU
	EndGlobalSection
	GlobalSection(SolutionProperties) = preSolution
		HideSolutionNode = FALSE
	EndGlobalSection
	GlobalSection(ExtensibilityGlobals) = postSolution
		SolutionGuid = {AD2C5201-87DC-4C75-9555-786B515BFE2D}
	EndGlobalSection
EndGlobal
